
Microsoft Visual Studio Solution File, Format Version 12.00
# Visual Studio Version 16
VisualStudioVersion = 16.0.31515.178
MinimumVisualStudioVersion = 10.0.40219.1
Project("{FAE04EC0-301F-11D3-BF4B-00C04F79EFBC}") = "PVolume", "PVolume\PVolume.csproj", "{1716AE5F-251D-4135-9372-29D69E2D0CA8}"
EndProject
Global
	GlobalSection(SolutionConfigurationPlatforms) = preSolution
		Debug|Any CPU = Debug|Any CPU
		Release|Any CPU = Release|Any CPU
	EndGlobalSection
	GlobalSection(ProjectConfigurationPlatforms) = postSolution
		{1716AE5F-251D-4135-9372-29D69E2D0CA8}.Debug|Any CPU.ActiveCfg = Debug|Any CPU
		{1716AE5F-251D-4135-9372-29D69E2D0CA8}.Debug|Any CPU.Build.0 = Debug|Any CPU
		{1716AE5F-251D-4135-9372-29D69E2D0CA8}.Release|Any CPU.ActiveCfg = Release|Any CPU
		{1716AE5F-251D-4135-9372-29D69E2D0CA8}.Release|Any CPU.Build.0 = Release|Any CPU
	EndGlobalSection
	GlobalSection(SolutionProperties) = preSolution
		HideSolutionNode = FALSE
	EndGlobalSection
	GlobalSection(ExtensibilityGlobals) = postSolution
		SolutionGuid = {B7700990-1639-444E-B0C5-33F1397A160D}
	EndGlobalSection
EndGlobal
